
Microsoft Visual Studio Solution File, Format Version 12.00
# Visual Studio Version 17
VisualStudioVersion = 17.14.37111.16 d17.14
MinimumVisualStudioVersion = 10.0.40219.1
Project("{FAE04EC0-301F-11D3-BF4B-00C04F79EFBC}") = "CalculateurAge", "CalculateurAge.csproj", "{5C60A45F-8B70-43DA-B55B-8D72F2EAC293}"
EndProject
Global
	GlobalSection(SolutionConfigurationPlatforms) = preSolution
		Debug|Any CPU = Debug|Any CPU
		Release|Any CPU = Release|Any CPU
	EndGlobalSection
	GlobalSection(ProjectConfigurationPlatforms) = postSolution
		{5C60A45F-8B70-43DA-B55B-8D72F2EAC293}.Debug|Any CPU.ActiveCfg = Debug|Any CPU
		{5C60A45F-8B70-43DA-B55B-8D72F2EAC293}.Debug|Any CPU.Build.0 = Debug|Any CPU
		{5C60A45F-8B70-43DA-B55B-8D72F2EAC293}.Release|Any CPU.ActiveCfg = Release|Any CPU
		{5C60A45F-8B70-43DA-B55B-8D72F2EAC293}.Release|Any CPU.Build.0 = Release|Any CPU
	EndGlobalSection
	GlobalSection(SolutionProperties) = preSolution
		HideSolutionNode = FALSE
	EndGlobalSection
	GlobalSection(ExtensibilityGlobals) = postSolution
		SolutionGuid = {D433AA98-F113-4310-81C9-C761E8A0069C}
	EndGlobalSection
EndGlobal
